hash: 364a7d0db585f4d4359ccd15a11773ea3b38b46346363a28555159451a2ebff7
updated: 2016-12-15T20:42:35.071148426-05:00
imports:
- name: github.com/aymerick/raymond
  version: 72acac2207479d21dd45898c2a4264246c818148
  subpackages:
  - ast
  - lexer
  - parser
- name: github.com/daaku/go.zipexe
  version: a5fe2436ffcb3236e175e5149162b41cd28bd27d
- name: github.com/dustin/go-humanize
  version: ef638b6c2e62b857442c6443dace9366a48c0ee2
- name: github.com/fatih/color
  version: bf82308e8c8546dc2b945157173eb8a959ae9505
- name: github.com/fsnotify/fsnotify
  version: fd9ec7deca8bf46ecd2a795baaacf2b3a9be1197
- name: github.com/GeertJohan/go.rice
  version: 9fdfd46f9806a9228aae341d65ab75c5235c383c
  subpackages:
  - embedded
- name: github.com/go-sql-driver/mysql
  version: 0b58b37b664c21f3010e836f1b931e1d0b0b0685
- name: github.com/gorilla/context
  version: 08b5f424b9271eedf6f9f0ce86cb9396ed337a42
- name: github.com/gorilla/mux
  version: 757bef944d0f21880861c2dd9c871ca543023cba
- name: github.com/gorilla/schema
  version: 0164a00ab4cd01d814d8cd5bf63fd9fcea30e23b
- name: github.com/gorilla/securecookie
  version: fa5329f913702981df43dcb2a380bac429c810b5
- name: github.com/gorilla/sessions
  version: 52389059572b4736b2b7d899b0242ecc449c8779
- name: github.com/gorilla/websocket
  version: 0868951cdb8e69bc42df4598bdc6164ff2f1a072
- name: github.com/inconshreveable/mousetrap
  version: 76626ae9c91c4f2a10f34cad8ce83ea42c93bb75
- name: github.com/jmoiron/sqlx
  version: 7396209bbeada6a4fcc28aa9408f89b2e71cac39
  subpackages:
  - reflectx
- name: github.com/kardianos/osext
  version: c2c54e542fb797ad986b31721e1baedf214ca413
- name: github.com/lib/pq
  version: 4dd446efc17690bc53e154025146f73203b18309
  subpackages:
  - oid
- name: github.com/markbates/buffalo
  version: 7b74611e4604bec52c546718ca3c3c7fd81da37a
  subpackages:
  - middleware
  - render
  - render/helpers
  - render/resolvers
- name: github.com/markbates/gentronics
  version: 49e13970e006895a4c20e16a3bec130055f1db34
- name: github.com/markbates/going
  version: d2c428e156c30c40a6abfa2ed4c279c92998da4d
  subpackages:
  - clam
  - defaults
  - randx
- name: github.com/markbates/grift
  version: 882ae17aabb2260c2ee807c7d64e5c73310a37b0
  subpackages:
  - grift
- name: github.com/markbates/inflect
  version: e9adfa85ab886d42d9ddd577785378dffaf84c85
- name: github.com/markbates/pop
  version: fde1494f8715a5687056d8e37fda92f85d767f3c
  subpackages:
  - columns
  - fizz
  - fizz/translators
  - soda
  - soda/cmd
  - soda/cmd/generate
- name: github.com/markbates/refresh
  version: 3213a6d37bdbfcb5541cc06fe41539556019f410
  subpackages:
  - refresh
  - refresh/web
- name: github.com/mattn/anko
  version: a8c68fa2983e7dd5d3472992b1fbe2f7c44261f0
  subpackages:
  - ast
  - builtins
  - parser
  - vm
- name: github.com/mattn/go-colorable
  version: d228849504861217f796da67fae4f6e347643f15
- name: github.com/mattn/go-isatty
  version: 30a891c33c7cde7b02a981314b4228ec99380cca
- name: github.com/mattn/go-runewidth
  version: 737072b4e32b7a5018b4a7125da8d12de90e8045
- name: github.com/mattn/go-sqlite3
  version: e118d4451349065b8e7ce0f0af32e033995363f8
- name: github.com/microcosm-cc/bluemonday
  version: e79763773ab6222ca1d5a7cbd9d62d83c1f77081
- name: github.com/mitchellh/go-homedir
  version: b8bc1bf767474819792c23f32d8286a45736f1c6
- name: github.com/newrelic/go-agent
  version: 7d12ae2201fc160e486197614a6f65afcf3f8170
  subpackages:
  - internal
  - internal/jsonx
  - internal/logger
  - internal/sysinfo
  - internal/utilization
- name: github.com/olekukonko/tablewriter
  version: bdcc175572fd7abece6c831e643891b9331bc9e7
- name: github.com/pkg/errors
  version: 248dadf4e9068a0b3e79f02ed0a610d935de5302
- name: github.com/russross/blackfriday
  version: 5f33e7b7878355cd2b7e6b8eefc48a5472c69f70
- name: github.com/sergi/go-diff
  version: 83532ca1c1caa393179c677b6facf48e61f4ca5d
  subpackages:
  - diffmatchpatch
- name: github.com/shurcooL/github_flavored_markdown
  version: 7bcab912380835dc7e26c88ca09acaf97941c87f
- name: github.com/shurcooL/highlight_diff
  version: d3b292edd8c8311b9d264e3adc26cdf39695fe9b
- name: github.com/shurcooL/highlight_go
  version: 7867c2dec5d03326c952ca98eda2abf907ddfcf3
- name: github.com/shurcooL/sanitized_anchor_name
  version: 1dba4b3954bc059efc3991ec364f9f9a35f597d2
- name: github.com/Sirupsen/logrus
  version: 881bee4e20a5d11a6a88a5667c6f292072ac1963
- name: github.com/sourcegraph/annotate
  version: f4cad6c6324d3f584e1743d8b3e0e017a5f3a636
- name: github.com/sourcegraph/syntaxhighlight
  version: c95ac474b7cb9c711f4591b553a2caaa24ea3d37
- name: golang.org/x/net
  version: 45e771701b814666a7eb299e6c7a57d0b1799e91
  subpackages:
  - html
  - html/atom
- name: golang.org/x/sys
  version: d75a52659825e75fff6158388dddc6a5b04f9ba5
  subpackages:
  - unix
- name: gopkg.in/yaml.v2
  version: a83829b6f1293c91addabc89d0571c246397bbf4
testImports:
- name: github.com/ajg/form
  version: 523a5da1a92f01b01f840b61689c0340a0243532
- name: github.com/davecgh/go-spew
  version: 04cdfd42973bb9c8589fd6a731800cf222fde1a9
  subpackages:
  - spew
- name: github.com/markbates/hmax
  version: b6c7cb2ab5f435e74dfc81cc9efaf3ce85397f56
- name: github.com/markbates/willie
  version: cf7c4a7c06ea6a65b79294bbfb4ae18b580f6ecc
- name: github.com/pmezard/go-difflib
  version: d8ed2627bdf02c080bf22230dbb337003b7aba2d
  subpackages:
  - difflib
- name: github.com/stretchr/testify
  version: 18a02ba4a312f95da08ff4cfc0055750ce50ae9e
  subpackages:
  - assert
  - require
