memo = ""

[[projects]]
  branch = "master"
  name = "github.com/Sirupsen/logrus"
  packages = ["."]
  revision = "10f801ebc38b33738c9d17d50860f484a0988ff5"

[[projects]]
  branch = "master"
  name = "github.com/ajg/form"
  packages = ["."]
  revision = "523a5da1a92f01b01f840b61689c0340a0243532"

[[projects]]
  branch = "master"
  name = "github.com/davecgh/go-spew"
  packages = ["spew"]
  revision = "346938d642f2ec3594ed81d874461961cd0faa76"

[[projects]]
  branch = "master"
  name = "github.com/dustin/go-humanize"
  packages = ["."]
  revision = "259d2a102b871d17f30e3cd9881a642961a1e486"

[[projects]]
  branch = "master"
  name = "github.com/fatih/color"
  packages = ["."]
  revision = "9131ab34cf20d2f6d83fdc67168a5430d1c7dc23"

[[projects]]
  branch = "master"
  name = "github.com/fsnotify/fsnotify"
  packages = ["."]
  revision = "4da3e2cfbabc9f751898f250b49f2439785783a1"

[[projects]]
  branch = "development"
  name = "github.com/gobuffalo/buffalo"
  packages = [".","render"]
  revision = "19922be4798e5759fcff5997a290f300e4870a57"

[[projects]]
  branch = "master"
  name = "github.com/gobuffalo/envy"
  packages = ["."]
  revision = "a901aeb76c2647ce52acf7f3bac64c4def49a899"

[[projects]]
  branch = "master"
  name = "github.com/gobuffalo/packr"
  packages = ["."]
  revision = "ca20eb6355222e403f80fa5c6de7f2a230d7cf7a"

[[projects]]
  branch = "master"
  name = "github.com/gobuffalo/plush"
  packages = ["."]
  revision = "091c255b7362a3bd01469a152b835b02e528af84"

[[projects]]
  branch = "master"
  name = "github.com/gobuffalo/tags"
  packages = [".","form","form/bootstrap"]
  revision = "08c041b366e46ab28452c74c62493942b1d594cc"

[[projects]]
  name = "github.com/gorilla/context"
  packages = ["."]
  revision = "08b5f424b9271eedf6f9f0ce86cb9396ed337a42"

[[projects]]
  name = "github.com/gorilla/mux"
  packages = ["."]
  revision = "757bef944d0f21880861c2dd9c871ca543023cba"

[[projects]]
  name = "github.com/gorilla/securecookie"
  packages = ["."]
  revision = "ff356348f74133a59d3e93aa24b5b4551b6fe90d"

[[projects]]
  name = "github.com/gorilla/sessions"
  packages = ["."]
  revision = "56ba4b0a11da87516629a57408a5f7e4c8ea7b0b"

[[projects]]
  branch = "master"
  name = "github.com/gorilla/websocket"
  packages = ["."]
  revision = "a91eba7f97777409bc2c443f5534d41dd20c5720"

[[projects]]
  branch = "master"
  name = "github.com/markbates/going"
  packages = ["wait","defaults","randx"]
  revision = "0576708c56cea02331f864fe6e157ac7841923e4"

[[projects]]
  branch = "master"
  name = "github.com/markbates/grift"
  packages = ["grift"]
  revision = "c3d2d0d236bb8751acbc612a8352ee4a6e1f0678"

[[projects]]
  branch = "master"
  name = "github.com/markbates/hmax"
  packages = ["."]
  revision = "800e180dcd16937a4cc134c6aa8c8407e62ce880"

[[projects]]
  branch = "master"
  name = "github.com/markbates/inflect"
  packages = ["."]
  revision = "6cacb66d100482ef7cc366289ccb156020e57e76"

[[projects]]
  branch = "master"
  name = "github.com/markbates/pop"
  packages = ["nulls"]
  revision = "5a6606f7934c361fc330d8e6581c8be8c60d060e"

[[projects]]
  branch = "master"
  name = "github.com/markbates/refresh"
  packages = ["refresh/web"]
  revision = "f66cdea4aaf2ab497fd7e5b6bc065e967668c03f"

[[projects]]
  branch = "master"
  name = "github.com/markbates/validate"
  packages = [".","validators"]
  revision = "7fd1b3d59622893fa298ec4d2e02520befbeb040"

[[projects]]
  branch = "master"
  name = "github.com/markbates/willie"
  packages = ["."]
  revision = "d2cdc733fedaffa28ae6584ba16f16832c10f15e"

[[projects]]
  branch = "master"
  name = "github.com/mattn/go-colorable"
  packages = ["."]
  revision = "ded68f7a9561c023e790de24279db7ebf473ea80"

[[projects]]
  branch = "master"
  name = "github.com/mattn/go-isatty"
  packages = ["."]
  revision = "fc9e8d8ef48496124e79ae0df75490096eccf6fe"

[[projects]]
  branch = "master"
  name = "github.com/mattn/go-runewidth"
  packages = ["."]
  revision = "14207d285c6c197daabb5c9793d63e7af9ab2d50"

[[projects]]
  name = "github.com/microcosm-cc/bluemonday"
  packages = ["."]
  revision = "e79763773ab6222ca1d5a7cbd9d62d83c1f77081"

[[projects]]
  branch = "master"
  name = "github.com/mitchellh/go-homedir"
  packages = ["."]
  revision = "b8bc1bf767474819792c23f32d8286a45736f1c6"

[[projects]]
  name = "github.com/monoculum/formam"
  packages = ["."]
  revision = "37ba3a5a1f9efa0367f533c22bff850c1b70dbe0"

[[projects]]
  branch = "master"
  name = "github.com/olekukonko/tablewriter"
  packages = ["."]
  revision = "febf2d34b54a69ce7530036c7503b1c9fbfdf0bb"

[[projects]]
  branch = "master"
  name = "github.com/pkg/errors"
  packages = ["."]
  revision = "c605e284fe17294bda444b34710735b29d1a9d90"

[[projects]]
  branch = "master"
  name = "github.com/pmezard/go-difflib"
  packages = ["difflib"]
  revision = "792786c7400a136282c1664665ae0a8db921c6c2"

[[projects]]
  branch = "master"
  name = "github.com/russross/blackfriday"
  packages = ["."]
  revision = "0ba0f2b6ed7c475a92e4df8641825cb7a11d1fa3"

[[projects]]
  branch = "master"
  name = "github.com/serenize/snaker"
  packages = ["."]
  revision = "fbc3d0dfdb6fa3b5256ca37fb02042323c4ebe8b"

[[projects]]
  name = "github.com/sergi/go-diff"
  packages = ["diffmatchpatch"]
  revision = "83532ca1c1caa393179c677b6facf48e61f4ca5d"

[[projects]]
  name = "github.com/shurcooL/github_flavored_markdown"
  packages = ["."]
  revision = "7bcab912380835dc7e26c88ca09acaf97941c87f"

[[projects]]
  name = "github.com/shurcooL/highlight_diff"
  packages = ["."]
  revision = "d3b292edd8c8311b9d264e3adc26cdf39695fe9b"

[[projects]]
  name = "github.com/shurcooL/highlight_go"
  packages = ["."]
  revision = "7867c2dec5d03326c952ca98eda2abf907ddfcf3"

[[projects]]
  branch = "master"
  name = "github.com/shurcooL/sanitized_anchor_name"
  packages = ["."]
  revision = "1dba4b3954bc059efc3991ec364f9f9a35f597d2"

[[projects]]
  name = "github.com/sourcegraph/annotate"
  packages = ["."]
  revision = "f4cad6c6324d3f584e1743d8b3e0e017a5f3a636"

[[projects]]
  name = "github.com/sourcegraph/syntaxhighlight"
  packages = ["."]
  revision = "c95ac474b7cb9c711f4591b553a2caaa24ea3d37"

[[projects]]
  branch = "master"
  name = "github.com/stretchr/testify"
  packages = ["require"]
  revision = "4d4bfba8f1d1027c4fdbe371823030df51419987"

[[projects]]
  branch = "master"
  name = "golang.org/x/net"
  packages = ["html"]
  revision = "3470a06c1357df533e251f14d3a181f67396fe35"

[[projects]]
  branch = "master"
  name = "golang.org/x/sys"
  packages = ["unix"]
  revision = "ea9bcade75cb975a0b9738936568ab388b845617"

[[projects]]
  branch = "master"
  name = "gopkg.in/yaml.v2"
  packages = ["."]
  revision = "cd8b52f8269e0feb286dfeef29f8fe4d5b397e0b"
